
Microsoft Visual Studio Solution File, Format Version 12.00
# Visual Studio Version 17
VisualStudioVersion = 17.9.34607.119
MinimumVisualStudioVersion = 10.0.40219.1
Project("{888888A0-9F3D-457C-B088-3A5042F75D52}") = "NTCC Web Project", "NTCC Web Project.pyproj", "{ED92F09A-8F11-4142-A2CB-77204A7B2C2C}"
EndProject
Global
	GlobalSection(SolutionConfigurationPlatforms) = preSolution
		Debug|Any CPU = Debug|Any CPU
		Release|Any CPU = Release|Any CPU
	EndGlobalSection
	GlobalSection(ProjectConfigurationPlatforms) = postSolution
		{ED92F09A-8F11-4142-A2CB-77204A7B2C2C}.Debug|Any CPU.ActiveCfg = Debug|Any CPU
		{ED92F09A-8F11-4142-A2CB-77204A7B2C2C}.Debug|Any CPU.Build.0 = Debug|Any CPU
		{ED92F09A-8F11-4142-A2CB-77204A7B2C2C}.Release|Any CPU.ActiveCfg = Release|Any CPU
		{ED92F09A-8F11-4142-A2CB-77204A7B2C2C}.Release|Any CPU.Build.0 = Release|Any CPU
	EndGlobalSection
	GlobalSection(SolutionProperties) = preSolution
		HideSolutionNode = FALSE
	EndGlobalSection
	GlobalSection(ExtensibilityGlobals) = postSolution
		SolutionGuid = {63A4D8CD-FF8E-49EE-BEC3-9975AD5DCCC5}
	EndGlobalSection
EndGlobal
